
Microsoft Visual Studio Solution File, Format Version 12.00
# Visual Studio Version 17
VisualStudioVersion = 17.4.33213.308
MinimumVisualStudioVersion = 10.0.40219.1
Project("{FAE04EC0-301F-11D3-BF4B-00C04F79EFBC}") = "XMLDataForm", "XMLDataForm\XMLDataForm.csproj", "{A241761F-CB7B-40FA-B157-0B9496D1F348}"
EndProject
Global
	GlobalSection(SolutionConfigurationPlatforms) = preSolution
		Debug|Any CPU = Debug|Any CPU
		Release|Any CPU = Release|Any CPU
	EndGlobalSection
	GlobalSection(ProjectConfigurationPlatforms) = postSolution
		{A241761F-CB7B-40FA-B157-0B9496D1F348}.Debug|Any CPU.ActiveCfg = Debug|Any CPU
		{A241761F-CB7B-40FA-B157-0B9496D1F348}.Debug|Any CPU.Build.0 = Debug|Any CPU
		{A241761F-CB7B-40FA-B157-0B9496D1F348}.Release|Any CPU.ActiveCfg = Release|Any CPU
		{A241761F-CB7B-40FA-B157-0B9496D1F348}.Release|Any CPU.Build.0 = Release|Any CPU
	EndGlobalSection
	GlobalSection(SolutionProperties) = preSolution
		HideSolutionNode = FALSE
	EndGlobalSection
	GlobalSection(ExtensibilityGlobals) = postSolution
		SolutionGuid = {35BA25DC-F150-4335-A9BF-459C791389EB}
	EndGlobalSection
EndGlobal
